# This file is automatically @generated by Cargo.
# It is not intended for manual editing.
version = 4

[[package]]
name = "cobs"
version = "0.3.0"
source = "registry+https://github.com/rust-lang/crates.io-index"
checksum = "0fa961b519f0b462e3a3b4a34b64d119eeaca1d59af726fe450bbba07a9fc0a1"
dependencies = [
 "thiserror",
]

[[package]]
name = "half"
version = "1.8.3"
source = "registry+https://github.com/rust-lang/crates.io-index"
checksum = "1b43ede17f21864e81be2fa654110bf1e793774238d86ef8555c37e6519c0403"

[[package]]
name = "host"
version = "0.0.1"
dependencies = [
 "shared",
]

[[package]]
name = "proc-macro2"
version = "1.0.94"
source = "registry+https://github.com/rust-lang/crates.io-index"
checksum = "a31971752e70b8b2686d7e46ec17fb38dad4051d94024c88df49b667caea9c84"
dependencies = [
 "unicode-ident",
]

[[package]]
name = "quote"
version = "1.0.39"
source = "registry+https://github.com/rust-lang/crates.io-index"
checksum = "c1f1914ce909e1658d9907913b4b91947430c7d9be598b15a1912935b8c04801"
dependencies = [
 "proc-macro2",
]

[[package]]
name = "serde"
version = "1.0.218"
source = "registry+https://github.com/rust-lang/crates.io-index"
checksum = "e8dfc9d19bdbf6d17e22319da49161d5d0108e4188e8b680aef6299eed22df60"
dependencies = [
 "serde_derive",
]

[[package]]
name = "serde_cbor"
version = "0.11.2"
source = "registry+https://github.com/rust-lang/crates.io-index"
checksum = "2bef2ebfde456fb76bbcf9f59315333decc4fda0b2b44b420243c11e0f5ec1f5"
dependencies = [
 "half",
 "serde",
]

[[package]]
name = "serde_derive"
version = "1.0.218"
source = "registry+https://github.com/rust-lang/crates.io-index"
checksum = "f09503e191f4e797cb8aac08e9a4a4695c5edf6a2e70e376d961ddd5c969f82b"
dependencies = [
 "proc-macro2",
 "quote",
 "syn",
]

[[package]]
name = "shared"
version = "0.1.0"
dependencies = [
 "cobs",
 "serde",
 "serde_cbor",
 "thiserror",
]

[[package]]
name = "syn"
version = "2.0.99"
source = "registry+https://github.com/rust-lang/crates.io-index"
checksum = "e02e925281e18ffd9d640e234264753c43edc62d64b2d4cf898f1bc5e75f3fc2"
dependencies = [
 "proc-macro2",
 "quote",
 "unicode-ident",
]

[[package]]
name = "thiserror"
version = "2.0.12"
source = "registry+https://github.com/rust-lang/crates.io-index"
checksum = "567b8a2dae586314f7be2a752ec7474332959c6460e02bde30d702a66d488708"
dependencies = [
 "thiserror-impl",
]

[[package]]
name = "thiserror-impl"
version = "2.0.12"
source = "registry+https://github.com/rust-lang/crates.io-index"
checksum = "7f7cf42b4507d8ea322120659672cf1b9dbb93f8f2d4ecfd6e51350ff5b17a1d"
dependencies = [
 "proc-macro2",
 "quote",
 "syn",
]

[[package]]
name = "unicode-ident"
version = "1.0.17"
source = "registry+https://github.com/rust-lang/crates.io-index"
checksum = "00e2473a93778eb0bad35909dff6a10d28e63f792f16ed15e404fca9d5eeedbe"
